
Microsoft Visual Studio Solution File, Format Version 12.00
# Visual Studio Version 17
VisualStudioVersion = 17.11.35327.3
MinimumVisualStudioVersion = 10.0.40219.1
Project("{FAE04EC0-301F-11D3-BF4B-00C04F79EFBC}") = "WebApplication1", "WebApplication1\WebApplication1.csproj", "{15BBA293-77B9-4416-BAD9-B6F0260F9E3C}"
EndProject
Global
	GlobalSection(SolutionConfigurationPlatforms) = preSolution
		Debug|Any CPU = Debug|Any CPU
		Release|Any CPU = Release|Any CPU
	EndGlobalSection
	GlobalSection(ProjectConfigurationPlatforms) = postSolution
		{15BBA293-77B9-4416-BAD9-B6F0260F9E3C}.Debug|Any CPU.ActiveCfg = Debug|Any CPU
		{15BBA293-77B9-4416-BAD9-B6F0260F9E3C}.Debug|Any CPU.Build.0 = Debug|Any CPU
		{15BBA293-77B9-4416-BAD9-B6F0260F9E3C}.Release|Any CPU.ActiveCfg = Release|Any CPU
		{15BBA293-77B9-4416-BAD9-B6F0260F9E3C}.Release|Any CPU.Build.0 = Release|Any CPU
	EndGlobalSection
	GlobalSection(SolutionProperties) = preSolution
		HideSolutionNode = FALSE
	EndGlobalSection
	GlobalSection(ExtensibilityGlobals) = postSolution
		SolutionGuid = {8448A28E-78CF-402A-8138-A43B2B4DC696}
	EndGlobalSection
EndGlobal
